
Microsoft Visual Studio Solution File, Format Version 12.00
# Visual Studio Version 16
VisualStudioVersion = 16.0.28803.202
MinimumVisualStudioVersion = 10.0.40219.1
Project("{FAE04EC0-301F-11D3-BF4B-00C04F79EFBC}") = "SmartPaster", "SmartPaster\SmartPaster.csproj", "{B25A6995-DC85-4610-9AF7-7726AEA67383}"
EndProject
Project("{FAE04EC0-301F-11D3-BF4B-00C04F79EFBC}") = "SmartPasterTests", "SmartPasterTests\SmartPasterTests.csproj", "{21B574A3-1720-446B-B5B8-8B5820C25AAB}"
EndProject
Global
	GlobalSection(SolutionConfigurationPlatforms) = preSolution
		Debug|Any CPU = Debug|Any CPU
		Release|Any CPU = Release|Any CPU
	EndGlobalSection
	GlobalSection(ProjectConfigurationPlatforms) = postSolution
		{B25A6995-DC85-4610-9AF7-7726AEA67383}.Debug|Any CPU.ActiveCfg = Debug|Any CPU
		{B25A6995-DC85-4610-9AF7-7726AEA67383}.Debug|Any CPU.Build.0 = Debug|Any CPU
		{B25A6995-DC85-4610-9AF7-7726AEA67383}.Release|Any CPU.ActiveCfg = Release|Any CPU
		{B25A6995-DC85-4610-9AF7-7726AEA67383}.Release|Any CPU.Build.0 = Release|Any CPU
		{21B574A3-1720-446B-B5B8-8B5820C25AAB}.Debug|Any CPU.ActiveCfg = Debug|Any CPU
		{21B574A3-1720-446B-B5B8-8B5820C25AAB}.Debug|Any CPU.Build.0 = Debug|Any CPU
		{21B574A3-1720-446B-B5B8-8B5820C25AAB}.Release|Any CPU.ActiveCfg = Release|Any CPU
		{21B574A3-1720-446B-B5B8-8B5820C25AAB}.Release|Any CPU.Build.0 = Release|Any CPU
	EndGlobalSection
	GlobalSection(SolutionProperties) = preSolution
		HideSolutionNode = FALSE
	EndGlobalSection
	GlobalSection(ExtensibilityGlobals) = postSolution
		SolutionGuid = {4E4B8F6A-23C2-49D2-8183-6E94829FDEB7}
	EndGlobalSection
EndGlobal
